{
  "name": "@modheader/core",
  "version": "1.0.0",
  "lockfileVersion": 2,
  "requires": true,
  "packages": {
    "": {
      "name": "@modheader/core",
      "version": "1.0.0",
      "license": "ISC",
      "dependencies": {
        "@mdi/js": "^6.5.95",
        "@smui/dialog": "^6.0.0-beta.16",
        "@smui/icon-button": "^6.0.0-beta.16",
        "lodash": "^4.17.21",
        "svelte": "^3.46.4"
      }
    },
    "node_modules/@material/animation": {
      "version": "13.0.0",
      "resolved": "https://registry.npmjs.org/@material/animation/-/animation-13.0.0.tgz",
      "integrity": "sha512-YR0/u4u56qXDjKYolQ7F+IvlPkaSBhMl/dZv8DK0FbD6PH4ckOPd3bEXNRndXtprsxwknQQP2pttjPImylkl0g==",
      "dependencies": {
        "tslib": "^2.1.0"
      }
    },
    "node_modules/@material/base": {
      "version": "13.0.0",
      "resolved": "https://registry.npmjs.org/@material/base/-/base-13.0.0.tgz",
      "integrity": "sha512-vFx0JryRfcvUNX3cZ2u32wUMvxzd+c/YW0LFOXNgqCDWlubHcMm0Y6Wz371LhfQo80/NE69u+/4Joo99yKnVeg==",
      "dependencies": {
        "tslib": "^2.1.0"
      }
    },
    "node_modules/@material/button": {
      "version": "13.0.0",
      "resolved": "https://registry.npmjs.org/@material/button/-/button-13.0.0.tgz",
      "integrity": "sha512-lYorht6fcEd4P+dsLVp2BGtaY5cGYNp71LMajuDe71GZX3dZPoKeVvb+Ie1S7vcB+o+WLTeaisMk9/vA4gfi8A==",
      "dependencies": {
        "@material/density": "^13.0.0",
        "@material/dom": "^13.0.0",
        "@material/elevation": "^13.0.0",
        "@material/feature-targeting": "^13.0.0",
        "@material/ripple": "^13.0.0",
        "@material/rtl": "^13.0.0",
        "@material/shape": "^13.0.0",
        "@material/theme": "^13.0.0",
        "@material/tokens": "^13.0.0",
        "@material/touch-target": "^13.0.0",
        "@material/typography": "^13.0.0",
        "tslib": "^2.1.0"
      }
    },
    "node_modules/@material/density": {
      "version": "13.0.0",
      "resolved": "https://registry.npmjs.org/@material/density/-/density-13.0.0.tgz",
      "integrity": "sha512-ppJTzOsuhjQam5GvHaq/XZocZNUr+41XQ2sd5nONAmQ0wwzXgqG0FaxtF1EXqK3uZFadz+vAu6enagre9DXhTA==",
      "dependencies": {
        "tslib": "^2.1.0"
      }
    },
    "node_modules/@material/dialog": {
      "version": "13.0.0",
      "resolved": "https://registry.npmjs.org/@material/dialog/-/dialog-13.0.0.tgz",
      "integrity": "sha512-1Ggo9Bid94F1ttZJKSjIcgMvkVQtKsqwbqLs5cWlleaiwtAcwUE12XA2B1MNj8xM9ajU3BJm4GigupBOK1jGHQ==",
      "dependencies": {
        "@material/animation": "^13.0.0",
        "@material/base": "^13.0.0",
        "@material/button": "^13.0.0",
        "@material/dom": "^13.0.0",
        "@material/elevation": "^13.0.0",
        "@material/feature-targeting": "^13.0.0",
        "@material/icon-button": "^13.0.0",
        "@material/ripple": "^13.0.0",
        "@material/rtl": "^13.0.0",
        "@material/shape": "^13.0.0",
        "@material/theme": "^13.0.0",
        "@material/tokens": "^13.0.0",
        "@material/touch-target": "^13.0.0",
        "@material/typography": "^13.0.0",
        "tslib": "^2.1.0"
      }
    },
    "node_modules/@material/dom": {
      "version": "13.0.0",
      "resolved": "https://registry.npmjs.org/@material/dom/-/dom-13.0.0.tgz",
      "integrity": "sha512-M9HLAYBZtkTUvf66FL+jAEvUOdhji1HkGA1mV6oyE+HY9gkCkmso+mngvzlLd5+uaAVE9I3WQFhSb9gp0cpXnw==",
      "dependencies": {
        "@material/feature-targeting": "^13.0.0",
        "tslib": "^2.1.0"
      }
    },
    "node_modules/@material/elevation": {
      "version": "13.0.0",
      "resolved": "https://registry.npmjs.org/@material/elevation/-/elevation-13.0.0.tgz",
      "integrity": "sha512-hzdblgamVRbC0UwKafcvUVDvKzMiOSveDiwGgFk+EAg/tZRdwMlQPyf/9I6Lr8Cw/pNGnEOPhmCDOYPOHimr0w==",
      "dependencies": {
        "@material/animation": "^13.0.0",
        "@material/base": "^13.0.0",
        "@material/feature-targeting": "^13.0.0",
        "@material/rtl": "^13.0.0",
        "@material/theme": "^13.0.0",
        "tslib": "^2.1.0"
      }
    },
    "node_modules/@material/feature-targeting": {
      "version": "13.0.0",
      "resolved": "https://registry.npmjs.org/@material/feature-targeting/-/feature-targeting-13.0.0.tgz",
      "integrity": "sha512-QJClfeaA4EMyAxKJy9WR0Nx+/VwSZCkhGLUVBG9NhxqYGfl/LtaeaidrNm32vYEoNZAofN92VD2RwQTRwp/dMQ==",
      "dependencies": {
        "tslib": "^2.1.0"
      }
    },
    "node_modules/@material/icon-button": {
      "version": "13.0.0",
      "resolved": "https://registry.npmjs.org/@material/icon-button/-/icon-button-13.0.0.tgz",
      "integrity": "sha512-SdxFytWvbfN0fj7jHFq3DqK5/Zoms+Ipuv6fI8AzwgDFe7mXJ2euPahN+3XcmJ3BaSMyfYsdbcYdCWs8bgHW1w==",
      "dependencies": {
        "@material/base": "^13.0.0",
        "@material/density": "^13.0.0",
        "@material/elevation": "^13.0.0",
        "@material/feature-targeting": "^13.0.0",
        "@material/ripple": "^13.0.0",
        "@material/rtl": "^13.0.0",
        "@material/theme": "^13.0.0",
        "@material/touch-target": "^13.0.0",
        "tslib": "^2.1.0"
      }
    },
    "node_modules/@material/ripple": {
      "version": "13.0.0",
      "resolved": "https://registry.npmjs.org/@material/ripple/-/ripple-13.0.0.tgz",
      "integrity": "sha512-hx4B40hB2rRfsGwf1jwo2GGlYDq0yUQjcMcMmXfQipPJNpQhy8ylmXKc1DBjmWf7EQ/MgbfCSYwPrYXrbGP31w==",
      "dependencies": {
        "@material/animation": "^13.0.0",
        "@material/base": "^13.0.0",
        "@material/dom": "^13.0.0",
        "@material/feature-targeting": "^13.0.0",
        "@material/rtl": "^13.0.0",
        "@material/theme": "^13.0.0",
        "tslib": "^2.1.0"
      }
    },
    "node_modules/@material/rtl": {
      "version": "13.0.0",
      "resolved": "https://registry.npmjs.org/@material/rtl/-/rtl-13.0.0.tgz",
      "integrity": "sha512-nFGy3iQg7k+xLs67eb86mRFVLwa0yi7MusqRK4OM8DXcLO5yoVfUTPKpdSykcbRryp9imVHsxutox2tZawR4og==",
      "dependencies": {
        "@material/theme": "^13.0.0",
        "tslib": "^2.1.0"
      }
    },
    "node_modules/@material/shape": {
      "version": "13.0.0",
      "resolved": "https://registry.npmjs.org/@material/shape/-/shape-13.0.0.tgz",
      "integrity": "sha512-exk96+iCjzCujk3aSrvIMhmW773s1Tc0h+MbQKbt6Iv3nHJCyLSiRbxclCHXWHrVwG/9KZRkrt/g2qk7P3VRBg==",
      "dependencies": {
        "@material/feature-targeting": "^13.0.0",
        "@material/rtl": "^13.0.0",
        "@material/theme": "^13.0.0",
        "tslib": "^2.1.0"
      }
    },
    "node_modules/@material/theme": {
      "version": "13.0.0",
      "resolved": "https://registry.npmjs.org/@material/theme/-/theme-13.0.0.tgz",
      "integrity": "sha512-KAe1s0MvvfCGAwJliDVTvgAKuD3ESwhl7F7br4Iam4IPdqME2rWl8NPhKHFfaWqTG7PyCgMMngYEYuA8cLNTsA==",
      "dependencies": {
        "@material/feature-targeting": "^13.0.0",
        "tslib": "^2.1.0"
      }
    },
    "node_modules/@material/tokens": {
      "version": "13.0.0",
      "resolved": "https://registry.npmjs.org/@material/tokens/-/tokens-13.0.0.tgz",
      "integrity": "sha512-t55CKVeAjABdSQCKjsvYvqrA6Z4f5varLpLloai8ZQU0giSl7qbUczV1i8y2pSOzpRTswD5JKM7a19qfsl/TCA==",
      "dependencies": {
        "@material/elevation": "^13.0.0"
      }
    },
    "node_modules/@material/touch-target": {
      "version": "13.0.0",
      "resolved": "https://registry.npmjs.org/@material/touch-target/-/touch-target-13.0.0.tgz",
      "integrity": "sha512-2BMjj+nwKIYG7cZZGcNuRSKo53knqDu9ksv9wLidxjLgzqXBd1v9gdXsqMRQXepoOqftWGmYMaRYI0xMnxt6lA==",
      "dependencies": {
        "@material/base": "^13.0.0",
        "@material/feature-targeting": "^13.0.0",
        "@material/rtl": "^13.0.0",
        "tslib": "^2.1.0"
      }
    },
    "node_modules/@material/typography": {
      "version": "13.0.0",
      "resolved": "https://registry.npmjs.org/@material/typography/-/typography-13.0.0.tgz",
      "integrity": "sha512-UfaK4vT3LmGiiySf2RVIrf7fJZa6EJadFwo4YUMJx9bvUMRlBm1oI8Vo9fYpKdLfuSTeA+2BlgbwYVObj3laFw==",
      "dependencies": {
        "@material/feature-targeting": "^13.0.0",
        "@material/theme": "^13.0.0",
        "tslib": "^2.1.0"
      }
    },
    "node_modules/@mdi/js": {
      "version": "6.7.96",
      "resolved": "https://registry.npmjs.org/@mdi/js/-/js-6.7.96.tgz",
      "integrity": "sha512-vZvhFrNN9LQx+Awu3nU6ESfXXDpRA/CA4mwikzU5g8uf9NpAocK43ecQvVNntwiXlLKpyplas8d4lsfpqjtXLA=="
    },
    "node_modules/@smui/common": {
      "version": "6.0.0-beta.16",
      "resolved": "https://registry.npmjs.org/@smui/common/-/common-6.0.0-beta.16.tgz",
      "integrity": "sha512-Ual6505AOP75T+IneOQ6e1tnlhDflJX+yxa9T8Hx5X00MOiULvWACg/RW3c8UEQAc96YnEsA3utv5qDy8tZpmg==",
      "dependencies": {
        "@material/dom": "^13.0.0",
        "@tsconfig/svelte": "^3.0.0",
        "svelte2tsx": "^0.5.5"
      }
    },
    "node_modules/@smui/dialog": {
      "version": "6.0.0-beta.16",
      "resolved": "https://registry.npmjs.org/@smui/dialog/-/dialog-6.0.0-beta.16.tgz",
      "integrity": "sha512-UXFcY11p67vG5+JWbx3DIQZrtBG2kLmAT2PQoacqU3WxM2kyBk0BXePggohlS9tPjGLSq/nCE8sL4bveJxIipA==",
      "dependencies": {
        "@material/button": "^13.0.0",
        "@material/dialog": "^13.0.0",
        "@material/dom": "^13.0.0",
        "@smui/common": "^6.0.0-beta.16",
        "svelte2tsx": "^0.5.5"
      }
    },
    "node_modules/@smui/icon-button": {
      "version": "6.0.0-beta.16",
      "resolved": "https://registry.npmjs.org/@smui/icon-button/-/icon-button-6.0.0-beta.16.tgz",
      "integrity": "sha512-2OwRT3smK5S5V+sI2c8URij0Z91/FVeGKZHy4V5q/GYSlaPu1WJtgFY1O/9wNYEYq0PkP4ohwq16ZiURy+rYTQ==",
      "dependencies": {
        "@material/density": "^13.0.0",
        "@material/icon-button": "^13.0.0",
        "@smui/common": "^6.0.0-beta.16",
        "@smui/ripple": "^6.0.0-beta.16",
        "svelte2tsx": "^0.5.5"
      }
    },
    "node_modules/@smui/ripple": {
      "version": "6.0.0-beta.16",
      "resolved": "https://registry.npmjs.org/@smui/ripple/-/ripple-6.0.0-beta.16.tgz",
      "integrity": "sha512-9vlsFn8ZL0tpWKHmDfZPPzQzdusLNZaA3CzpJKnnMIWvlUZVixR780iHa1YXg0cEEQ2lPlSK4CFJEdiGMFRAow==",
      "dependencies": {
        "@material/dom": "^13.0.0",
        "@material/ripple": "^13.0.0",
        "@smui/common": "^6.0.0-beta.16",
        "svelte2tsx": "^0.5.5"
      }
    },
    "node_modules/@tsconfig/svelte": {
      "version": "3.0.0",
      "resolved": "https://registry.npmjs.org/@tsconfig/svelte/-/svelte-3.0.0.tgz",
      "integrity": "sha512-pYrtLtOwku/7r1i9AMONsJMVYAtk3hzOfiGNekhtq5tYBGA7unMve8RvUclKLMT3PrihvJqUmzsRGh0RP84hKg=="
    },
    "node_modules/dedent-js": {
      "version": "1.0.1",
      "resolved": "https://registry.npmjs.org/dedent-js/-/dedent-js-1.0.1.tgz",
      "integrity": "sha1-vuX7fJ5yfYXf+iRZDRDsGrElUwU="
    },
    "node_modules/lodash": {
      "version": "4.17.21",
      "resolved": "https://registry.npmjs.org/lodash/-/lodash-4.17.21.tgz",
      "integrity": "sha512-v2kDEe57lecTulaDIuNTPy3Ry4gLGJ6Z1O3vE1krgXZNrsQ+LFTGHVxVjcXPs17LhbZVGedAJv8XZ1tvj5FvSg=="
    },
    "node_modules/lower-case": {
      "version": "2.0.2",
      "resolved": "https://registry.npmjs.org/lower-case/-/lower-case-2.0.2.tgz",
      "integrity": "sha512-7fm3l3NAF9WfN6W3JOmf5drwpVqX78JtoGJ3A6W0a6ZnldM41w2fV5D490psKFTpMds8TJse/eHLFFsNHHjHgg==",
      "dependencies": {
        "tslib": "^2.0.3"
      }
    },
    "node_modules/no-case": {
      "version": "3.0.4",
      "resolved": "https://registry.npmjs.org/no-case/-/no-case-3.0.4.tgz",
      "integrity": "sha512-fgAN3jGAh+RoxUGZHTSOLJIqUc2wmoBwGR4tbpNAKmmovFoWq0OdRkb0VkldReO2a2iBT/OEulG9XSUc10r3zg==",
      "dependencies": {
        "lower-case": "^2.0.2",
        "tslib": "^2.0.3"
      }
    },
    "node_modules/pascal-case": {
      "version": "3.1.2",
      "resolved": "https://registry.npmjs.org/pascal-case/-/pascal-case-3.1.2.tgz",
      "integrity": "sha512-uWlGT3YSnK9x3BQJaOdcZwrnV6hPpd8jFH1/ucpiLRPh/2zCVJKS19E4GvYHvaCcACn3foXZ0cLB9Wrx1KGe5g==",
      "dependencies": {
        "no-case": "^3.0.4",
        "tslib": "^2.0.3"
      }
    },
    "node_modules/svelte": {
      "version": "3.48.0",
      "resolved": "https://registry.npmjs.org/svelte/-/svelte-3.48.0.tgz",
      "integrity": "sha512-fN2YRm/bGumvjUpu6yI3BpvZnpIm9I6A7HR4oUNYd7ggYyIwSA/BX7DJ+UXXffLp6XNcUijyLvttbPVCYa/3xQ==",
      "engines": {
        "node": ">= 8"
      }
    },
    "node_modules/svelte2tsx": {
      "version": "0.5.10",
      "resolved": "https://registry.npmjs.org/svelte2tsx/-/svelte2tsx-0.5.10.tgz",
      "integrity": "sha512-nokQ0HTTWMcNX6tLrDLiOmJCuqjKZU9nCZ6/mVuCL3nusXdbp+9nv69VG2pCy7uQC66kV4Ls+j0WfvvJuGVnkg==",
      "dependencies": {
        "dedent-js": "^1.0.1",
        "pascal-case": "^3.1.1"
      },
      "peerDependencies": {
        "svelte": "^3.24",
        "typescript": "^4.1.2"
      }
    },
    "node_modules/tslib": {
      "version": "2.4.0",
      "resolved": "https://registry.npmjs.org/tslib/-/tslib-2.4.0.tgz",
      "integrity": "sha512-d6xOpEDfsi2CZVlPQzGeux8XMwLT9hssAsaPYExaQMuYskwb+x1x7J371tWlbBdWHroy99KnVB6qIkUbs5X3UQ=="
    },
    "node_modules/typescript": {
      "version": "4.7.2",
      "resolved": "https://registry.npmjs.org/typescript/-/typescript-4.7.2.tgz",
      "integrity": "sha512-Mamb1iX2FDUpcTRzltPxgWMKy3fhg0TN378ylbktPGPK/99KbDtMQ4W1hwgsbPAsG3a0xKa1vmw4VKZQbkvz5A==",
      "peer": true,
      "bin": {
        "tsc": "bin/tsc",
        "tsserver": "bin/tsserver"
      },
      "engines": {
        "node": ">=4.2.0"
      }
    }
  },
  "dependencies": {
    "@material/animation": {
      "version": "13.0.0",
      "resolved": "https://registry.npmjs.org/@material/animation/-/animation-13.0.0.tgz",
      "integrity": "sha512-YR0/u4u56qXDjKYolQ7F+IvlPkaSBhMl/dZv8DK0FbD6PH4ckOPd3bEXNRndXtprsxwknQQP2pttjPImylkl0g==",
      "requires": {
        "tslib": "^2.1.0"
      }
    },
    "@material/base": {
      "version": "13.0.0",
      "resolved": "https://registry.npmjs.org/@material/base/-/base-13.0.0.tgz",
      "integrity": "sha512-vFx0JryRfcvUNX3cZ2u32wUMvxzd+c/YW0LFOXNgqCDWlubHcMm0Y6Wz371LhfQo80/NE69u+/4Joo99yKnVeg==",
      "requires": {
        "tslib": "^2.1.0"
      }
    },
    "@material/button": {
      "version": "13.0.0",
      "resolved": "https://registry.npmjs.org/@material/button/-/button-13.0.0.tgz",
      "integrity": "sha512-lYorht6fcEd4P+dsLVp2BGtaY5cGYNp71LMajuDe71GZX3dZPoKeVvb+Ie1S7vcB+o+WLTeaisMk9/vA4gfi8A==",
      "requires": {
        "@material/density": "^13.0.0",
        "@material/dom": "^13.0.0",
        "@material/elevation": "^13.0.0",
        "@material/feature-targeting": "^13.0.0",
        "@material/ripple": "^13.0.0",
        "@material/rtl": "^13.0.0",
        "@material/shape": "^13.0.0",
        "@material/theme": "^13.0.0",
        "@material/tokens": "^13.0.0",
        "@material/touch-target": "^13.0.0",
        "@material/typography": "^13.0.0",
        "tslib": "^2.1.0"
      }
    },
    "@material/density": {
      "version": "13.0.0",
      "resolved": "https://registry.npmjs.org/@material/density/-/density-13.0.0.tgz",
      "integrity": "sha512-ppJTzOsuhjQam5GvHaq/XZocZNUr+41XQ2sd5nONAmQ0wwzXgqG0FaxtF1EXqK3uZFadz+vAu6enagre9DXhTA==",
      "requires": {
        "tslib": "^2.1.0"
      }
    },
    "@material/dialog": {
      "version": "13.0.0",
      "resolved": "https://registry.npmjs.org/@material/dialog/-/dialog-13.0.0.tgz",
      "integrity": "sha512-1Ggo9Bid94F1ttZJKSjIcgMvkVQtKsqwbqLs5cWlleaiwtAcwUE12XA2B1MNj8xM9ajU3BJm4GigupBOK1jGHQ==",
      "requires": {
        "@material/animation": "^13.0.0",
        "@material/base": "^13.0.0",
        "@material/button": "^13.0.0",
        "@material/dom": "^13.0.0",
        "@material/elevation": "^13.0.0",
        "@material/feature-targeting": "^13.0.0",
        "@material/icon-button": "^13.0.0",
        "@material/ripple": "^13.0.0",
        "@material/rtl": "^13.0.0",
        "@material/shape": "^13.0.0",
        "@material/theme": "^13.0.0",
        "@material/tokens": "^13.0.0",
        "@material/touch-target": "^13.0.0",
        "@material/typography": "^13.0.0",
        "tslib": "^2.1.0"
      }
    },
    "@material/dom": {
      "version": "13.0.0",
      "resolved": "https://registry.npmjs.org/@material/dom/-/dom-13.0.0.tgz",
      "integrity": "sha512-M9HLAYBZtkTUvf66FL+jAEvUOdhji1HkGA1mV6oyE+HY9gkCkmso+mngvzlLd5+uaAVE9I3WQFhSb9gp0cpXnw==",
      "requires": {
        "@material/feature-targeting": "^13.0.0",
        "tslib": "^2.1.0"
      }
    },
    "@material/elevation": {
      "version": "13.0.0",
      "resolved": "https://registry.npmjs.org/@material/elevation/-/elevation-13.0.0.tgz",
      "integrity": "sha512-hzdblgamVRbC0UwKafcvUVDvKzMiOSveDiwGgFk+EAg/tZRdwMlQPyf/9I6Lr8Cw/pNGnEOPhmCDOYPOHimr0w==",
      "requires": {
        "@material/animation": "^13.0.0",
        "@material/base": "^13.0.0",
        "@material/feature-targeting": "^13.0.0",
        "@material/rtl": "^13.0.0",
        "@material/theme": "^13.0.0",
        "tslib": "^2.1.0"
      }
    },
    "@material/feature-targeting": {
      "version": "13.0.0",
      "resolved": "https://registry.npmjs.org/@material/feature-targeting/-/feature-targeting-13.0.0.tgz",
      "integrity": "sha512-QJClfeaA4EMyAxKJy9WR0Nx+/VwSZCkhGLUVBG9NhxqYGfl/LtaeaidrNm32vYEoNZAofN92VD2RwQTRwp/dMQ==",
      "requires": {
        "tslib": "^2.1.0"
      }
    },
    "@material/icon-button": {
      "version": "13.0.0",
      "resolved": "https://registry.npmjs.org/@material/icon-button/-/icon-button-13.0.0.tgz",
      "integrity": "sha512-SdxFytWvbfN0fj7jHFq3DqK5/Zoms+Ipuv6fI8AzwgDFe7mXJ2euPahN+3XcmJ3BaSMyfYsdbcYdCWs8bgHW1w==",
      "requires": {
        "@material/base": "^13.0.0",
        "@material/density": "^13.0.0",
        "@material/elevation": "^13.0.0",
        "@material/feature-targeting": "^13.0.0",
        "@material/ripple": "^13.0.0",
        "@material/rtl": "^13.0.0",
        "@material/theme": "^13.0.0",
        "@material/touch-target": "^13.0.0",
        "tslib": "^2.1.0"
      }
    },
    "@material/ripple": {
      "version": "13.0.0",
      "resolved": "https://registry.npmjs.org/@material/ripple/-/ripple-13.0.0.tgz",
      "integrity": "sha512-hx4B40hB2rRfsGwf1jwo2GGlYDq0yUQjcMcMmXfQipPJNpQhy8ylmXKc1DBjmWf7EQ/MgbfCSYwPrYXrbGP31w==",
      "requires": {
        "@material/animation": "^13.0.0",
        "@material/base": "^13.0.0",
        "@material/dom": "^13.0.0",
        "@material/feature-targeting": "^13.0.0",
        "@material/rtl": "^13.0.0",
        "@material/theme": "^13.0.0",
        "tslib": "^2.1.0"
      }
    },
    "@material/rtl": {
      "version": "13.0.0",
      "resolved": "https://registry.npmjs.org/@material/rtl/-/rtl-13.0.0.tgz",
      "integrity": "sha512-nFGy3iQg7k+xLs67eb86mRFVLwa0yi7MusqRK4OM8DXcLO5yoVfUTPKpdSykcbRryp9imVHsxutox2tZawR4og==",
      "requires": {
        "@material/theme": "^13.0.0",
        "tslib": "^2.1.0"
      }
    },
    "@material/shape": {
      "version": "13.0.0",
      "resolved": "https://registry.npmjs.org/@material/shape/-/shape-13.0.0.tgz",
      "integrity": "sha512-exk96+iCjzCujk3aSrvIMhmW773s1Tc0h+MbQKbt6Iv3nHJCyLSiRbxclCHXWHrVwG/9KZRkrt/g2qk7P3VRBg==",
      "requires": {
        "@material/feature-targeting": "^13.0.0",
        "@material/rtl": "^13.0.0",
        "@material/theme": "^13.0.0",
        "tslib": "^2.1.0"
      }
    },
    "@material/theme": {
      "version": "13.0.0",
      "resolved": "https://registry.npmjs.org/@material/theme/-/theme-13.0.0.tgz",
      "integrity": "sha512-KAe1s0MvvfCGAwJliDVTvgAKuD3ESwhl7F7br4Iam4IPdqME2rWl8NPhKHFfaWqTG7PyCgMMngYEYuA8cLNTsA==",
      "requires": {
        "@material/feature-targeting": "^13.0.0",
        "tslib": "^2.1.0"
      }
    },
    "@material/tokens": {
      "version": "13.0.0",
      "resolved": "https://registry.npmjs.org/@material/tokens/-/tokens-13.0.0.tgz",
      "integrity": "sha512-t55CKVeAjABdSQCKjsvYvqrA6Z4f5varLpLloai8ZQU0giSl7qbUczV1i8y2pSOzpRTswD5JKM7a19qfsl/TCA==",
      "requires": {
        "@material/elevation": "^13.0.0"
      }
    },
    "@material/touch-target": {
      "version": "13.0.0",
      "resolved": "https://registry.npmjs.org/@material/touch-target/-/touch-target-13.0.0.tgz",
      "integrity": "sha512-2BMjj+nwKIYG7cZZGcNuRSKo53knqDu9ksv9wLidxjLgzqXBd1v9gdXsqMRQXepoOqftWGmYMaRYI0xMnxt6lA==",
      "requires": {
        "@material/base": "^13.0.0",
        "@material/feature-targeting": "^13.0.0",
        "@material/rtl": "^13.0.0",
        "tslib": "^2.1.0"
      }
    },
    "@material/typography": {
      "version": "13.0.0",
      "resolved": "https://registry.npmjs.org/@material/typography/-/typography-13.0.0.tgz",
      "integrity": "sha512-UfaK4vT3LmGiiySf2RVIrf7fJZa6EJadFwo4YUMJx9bvUMRlBm1oI8Vo9fYpKdLfuSTeA+2BlgbwYVObj3laFw==",
      "requires": {
        "@material/feature-targeting": "^13.0.0",
        "@material/theme": "^13.0.0",
        "tslib": "^2.1.0"
      }
    },
    "@mdi/js": {
      "version": "6.7.96",
      "resolved": "https://registry.npmjs.org/@mdi/js/-/js-6.7.96.tgz",
      "integrity": "sha512-vZvhFrNN9LQx+Awu3nU6ESfXXDpRA/CA4mwikzU5g8uf9NpAocK43ecQvVNntwiXlLKpyplas8d4lsfpqjtXLA=="
    },
    "@smui/common": {
      "version": "6.0.0-beta.16",
      "resolved": "https://registry.npmjs.org/@smui/common/-/common-6.0.0-beta.16.tgz",
      "integrity": "sha512-Ual6505AOP75T+IneOQ6e1tnlhDflJX+yxa9T8Hx5X00MOiULvWACg/RW3c8UEQAc96YnEsA3utv5qDy8tZpmg==",
      "requires": {
        "@material/dom": "^13.0.0",
        "@tsconfig/svelte": "^3.0.0",
        "svelte2tsx": "^0.5.5"
      }
    },
    "@smui/dialog": {
      "version": "6.0.0-beta.16",
      "resolved": "https://registry.npmjs.org/@smui/dialog/-/dialog-6.0.0-beta.16.tgz",
      "integrity": "sha512-UXFcY11p67vG5+JWbx3DIQZrtBG2kLmAT2PQoacqU3WxM2kyBk0BXePggohlS9tPjGLSq/nCE8sL4bveJxIipA==",
      "requires": {
        "@material/button": "^13.0.0",
        "@material/dialog": "^13.0.0",
        "@material/dom": "^13.0.0",
        "@smui/common": "^6.0.0-beta.16",
        "svelte2tsx": "^0.5.5"
      }
    },
    "@smui/icon-button": {
      "version": "6.0.0-beta.16",
      "resolved": "https://registry.npmjs.org/@smui/icon-button/-/icon-button-6.0.0-beta.16.tgz",
      "integrity": "sha512-2OwRT3smK5S5V+sI2c8URij0Z91/FVeGKZHy4V5q/GYSlaPu1WJtgFY1O/9wNYEYq0PkP4ohwq16ZiURy+rYTQ==",
      "requires": {
        "@material/density": "^13.0.0",
        "@material/icon-button": "^13.0.0",
        "@smui/common": "^6.0.0-beta.16",
        "@smui/ripple": "^6.0.0-beta.16",
        "svelte2tsx": "^0.5.5"
      }
    },
    "@smui/ripple": {
      "version": "6.0.0-beta.16",
      "resolved": "https://registry.npmjs.org/@smui/ripple/-/ripple-6.0.0-beta.16.tgz",
      "integrity": "sha512-9vlsFn8ZL0tpWKHmDfZPPzQzdusLNZaA3CzpJKnnMIWvlUZVixR780iHa1YXg0cEEQ2lPlSK4CFJEdiGMFRAow==",
      "requires": {
        "@material/dom": "^13.0.0",
        "@material/ripple": "^13.0.0",
        "@smui/common": "^6.0.0-beta.16",
        "svelte2tsx": "^0.5.5"
      }
    },
    "@tsconfig/svelte": {
      "version": "3.0.0",
      "resolved": "https://registry.npmjs.org/@tsconfig/svelte/-/svelte-3.0.0.tgz",
      "integrity": "sha512-pYrtLtOwku/7r1i9AMONsJMVYAtk3hzOfiGNekhtq5tYBGA7unMve8RvUclKLMT3PrihvJqUmzsRGh0RP84hKg=="
    },
    "dedent-js": {
      "version": "1.0.1",
      "resolved": "https://registry.npmjs.org/dedent-js/-/dedent-js-1.0.1.tgz",
      "integrity": "sha1-vuX7fJ5yfYXf+iRZDRDsGrElUwU="
    },
    "lodash": {
      "version": "4.17.21",
      "resolved": "https://registry.npmjs.org/lodash/-/lodash-4.17.21.tgz",
      "integrity": "sha512-v2kDEe57lecTulaDIuNTPy3Ry4gLGJ6Z1O3vE1krgXZNrsQ+LFTGHVxVjcXPs17LhbZVGedAJv8XZ1tvj5FvSg=="
    },
    "lower-case": {
      "version": "2.0.2",
      "resolved": "https://registry.npmjs.org/lower-case/-/lower-case-2.0.2.tgz",
      "integrity": "sha512-7fm3l3NAF9WfN6W3JOmf5drwpVqX78JtoGJ3A6W0a6ZnldM41w2fV5D490psKFTpMds8TJse/eHLFFsNHHjHgg==",
      "requires": {
        "tslib": "^2.0.3"
      }
    },
    "no-case": {
      "version": "3.0.4",
      "resolved": "https://registry.npmjs.org/no-case/-/no-case-3.0.4.tgz",
      "integrity": "sha512-fgAN3jGAh+RoxUGZHTSOLJIqUc2wmoBwGR4tbpNAKmmovFoWq0OdRkb0VkldReO2a2iBT/OEulG9XSUc10r3zg==",
      "requires": {
        "lower-case": "^2.0.2",
        "tslib": "^2.0.3"
      }
    },
    "pascal-case": {
      "version": "3.1.2",
      "resolved": "https://registry.npmjs.org/pascal-case/-/pascal-case-3.1.2.tgz",
      "integrity": "sha512-uWlGT3YSnK9x3BQJaOdcZwrnV6hPpd8jFH1/ucpiLRPh/2zCVJKS19E4GvYHvaCcACn3foXZ0cLB9Wrx1KGe5g==",
      "requires": {
        "no-case": "^3.0.4",
        "tslib": "^2.0.3"
      }
    },
    "svelte": {
      "version": "3.48.0",
      "resolved": "https://registry.npmjs.org/svelte/-/svelte-3.48.0.tgz",
      "integrity": "sha512-fN2YRm/bGumvjUpu6yI3BpvZnpIm9I6A7HR4oUNYd7ggYyIwSA/BX7DJ+UXXffLp6XNcUijyLvttbPVCYa/3xQ=="
    },
    "svelte2tsx": {
      "version": "0.5.10",
      "resolved": "https://registry.npmjs.org/svelte2tsx/-/svelte2tsx-0.5.10.tgz",
      "integrity": "sha512-nokQ0HTTWMcNX6tLrDLiOmJCuqjKZU9nCZ6/mVuCL3nusXdbp+9nv69VG2pCy7uQC66kV4Ls+j0WfvvJuGVnkg==",
      "requires": {
        "dedent-js": "^1.0.1",
        "pascal-case": "^3.1.1"
      }
    },
    "tslib": {
      "version": "2.4.0",
      "resolved": "https://registry.npmjs.org/tslib/-/tslib-2.4.0.tgz",
      "integrity": "sha512-d6xOpEDfsi2CZVlPQzGeux8XMwLT9hssAsaPYExaQMuYskwb+x1x7J371tWlbBdWHroy99KnVB6qIkUbs5X3UQ=="
    },
    "typescript": {
      "version": "4.7.2",
      "resolved": "https://registry.npmjs.org/typescript/-/typescript-4.7.2.tgz",
      "integrity": "sha512-Mamb1iX2FDUpcTRzltPxgWMKy3fhg0TN378ylbktPGPK/99KbDtMQ4W1hwgsbPAsG3a0xKa1vmw4VKZQbkvz5A==",
      "peer": true
    }
  }
}
